
Microsoft Visual Studio Solution File, Format Version 12.00
# Visual Studio Version 17
VisualStudioVersion = 17.1.32210.238
MinimumVisualStudioVersion = 10.0.40219.1
Project("{8BC9CEB8-8B4A-11D0-8D11-00A0C91BC942}") = "assignmentQ3", "assignmentQ3\assignmentQ3.vcxproj", "{525ACB78-B2B8-456E-B856-99A4DB3488CF}"
EndProject
Global
	GlobalSection(SolutionConfigurationPlatforms) = preSolution
		Debug|x64 = Debug|x64
		Debug|x86 = Debug|x86
		Release|x64 = Release|x64
		Release|x86 = Release|x86
	EndGlobalSection
	GlobalSection(ProjectConfigurationPlatforms) = postSolution
		{525ACB78-B2B8-456E-B856-99A4DB3488CF}.Debug|x64.ActiveCfg = Debug|x64
		{525ACB78-B2B8-456E-B856-99A4DB3488CF}.Debug|x64.Build.0 = Debug|x64
		{525ACB78-B2B8-456E-B856-99A4DB3488CF}.Debug|x86.ActiveCfg = Debug|Win32
		{525ACB78-B2B8-456E-B856-99A4DB3488CF}.Debug|x86.Build.0 = Debug|Win32
		{525ACB78-B2B8-456E-B856-99A4DB3488CF}.Release|x64.ActiveCfg = Release|x64
		{525ACB78-B2B8-456E-B856-99A4DB3488CF}.Release|x64.Build.0 = Release|x64
		{525ACB78-B2B8-456E-B856-99A4DB3488CF}.Release|x86.ActiveCfg = Release|Win32
		{525ACB78-B2B8-456E-B856-99A4DB3488CF}.Release|x86.Build.0 = Release|Win32
	EndGlobalSection
	GlobalSection(SolutionProperties) = preSolution
		HideSolutionNode = FALSE
	EndGlobalSection
	GlobalSection(ExtensibilityGlobals) = postSolution
		SolutionGuid = {8181BCF2-83BC-41DC-8333-99A811560E05}
	EndGlobalSection
EndGlobal
